
Microsoft Visual Studio Solution File, Format Version 12.00
Project("{2150E333-8FDC-42A3-9474-1A3956D46DE8}") = "src", "src", "{827E0CD3-B72D-47B6-A68D-7590B98EB39B}"
EndProject
Project("{FAE04EC0-301F-11D3-BF4B-00C04F79EFBC}") = "ReviewBot.Api", "src\ReviewBot.Api\ReviewBot.Api.csproj", "{4B94C6C0-187F-4E15-8055-9F063E01E7D8}"
EndProject
Project("{FAE04EC0-301F-11D3-BF4B-00C04F79EFBC}") = "ReviewBot.Core", "src\ReviewBot.Core\ReviewBot.Core.csproj", "{FEA1FB1C-FE8D-4C63-9058-92170D7B71B4}"
EndProject
Project("{FAE04EC0-301F-11D3-BF4B-00C04F79EFBC}") = "ReviewBot.GitHub", "src\ReviewBot.GitHub\ReviewBot.GitHub.csproj", "{304E2E7E-9867-42CE-AEE6-4F790D339B43}"
EndProject
Project("{FAE04EC0-301F-11D3-BF4B-00C04F79EFBC}") = "ReviewBot.Llm.Anthropic", "src\ReviewBot.Llm.Anthropic\ReviewBot.Llm.Anthropic.csproj", "{8F9CF248-30C2-4CC2-A2A5-DC1B654E8A72}"
EndProject
Project("{FAE04EC0-301F-11D3-BF4B-00C04F79EFBC}") = "ReviewBot.Llm.OpenAi", "src\ReviewBot.Llm.OpenAi\ReviewBot.Llm.OpenAi.csproj", "{BF4AF079-9806-4516-96CF-ADED81A8E48A}"
EndProject
Project("{FAE04EC0-301F-11D3-BF4B-00C04F79EFBC}") = "ReviewBot.Persistence", "src\ReviewBot.Persistence\ReviewBot.Persistence.csproj", "{36CF59B3-07C3-4AC9-9BA4-072F8C900656}"
EndProject
Project("{2150E333-8FDC-42A3-9474-1A3956D46DE8}") = "tests", "tests", "{0AB3BF05-4346-4AA6-1389-037BE0695223}"
EndProject
Project("{FAE04EC0-301F-11D3-BF4B-00C04F79EFBC}") = "ReviewBot.Core.Tests", "tests\ReviewBot.Core.Tests\ReviewBot.Core.Tests.csproj", "{8F51CA66-1A38-41EA-BA72-21B3A49EC00A}"
EndProject
Project("{FAE04EC0-301F-11D3-BF4B-00C04F79EFBC}") = "ReviewBot.GitHub.Tests", "tests\ReviewBot.GitHub.Tests\ReviewBot.GitHub.Tests.csproj", "{AAAB9BA9-5010-4D6F-B7A1-0CF5F1B8D71C}"
EndProject
Project("{FAE04EC0-301F-11D3-BF4B-00C04F79EFBC}") = "ReviewBot.Llm.Tests", "tests\ReviewBot.Llm.Tests\ReviewBot.Llm.Tests.csproj", "{12897CB1-EB3E-4D17-8062-B955B919DC52}"
EndProject
Project("{FAE04EC0-301F-11D3-BF4B-00C04F79EFBC}") = "ReviewBot.Persistence.Tests", "tests\ReviewBot.Persistence.Tests\ReviewBot.Persistence.Tests.csproj", "{CF98FDD0-8FA7-45F2-9047-A7E9CB0BD7CA}"
EndProject
Project("{FAE04EC0-301F-11D3-BF4B-00C04F79EFBC}") = "ReviewBot.Api.Tests", "tests\ReviewBot.Api.Tests\ReviewBot.Api.Tests.csproj", "{4FC202E6-E447-44FF-B0A6-B5211CB1849D}"
EndProject
Project("{FAE04EC0-301F-11D3-BF4B-00C04F79EFBC}") = "ReviewBot.Grounding", "src\ReviewBot.Grounding\ReviewBot.Grounding.csproj", "{12C081CF-C467-4A76-95B4-284E0468729C}"
EndProject
Project("{FAE04EC0-301F-11D3-BF4B-00C04F79EFBC}") = "ReviewBot.Grounding.Tests", "tests\ReviewBot.Grounding.Tests\ReviewBot.Grounding.Tests.csproj", "{00CD8D0D-9D54-4C35-961A-74263563B30A}"
EndProject
Project("{FAE04EC0-301F-11D3-BF4B-00C04F79EFBC}") = "ReviewBot.E2eTests", "tests\ReviewBot.E2eTests\ReviewBot.E2eTests.csproj", "{558E0399-FCAD-4657-A386-0851E0B683C1}"
EndProject
Global
	GlobalSection(SolutionConfigurationPlatforms) = preSolution
		Debug|Any CPU = Debug|Any CPU
		Debug|x64 = Debug|x64
		Debug|x86 = Debug|x86
		Release|Any CPU = Release|Any CPU
		Release|x64 = Release|x64
		Release|x86 = Release|x86
	EndGlobalSection
	GlobalSection(ProjectConfigurationPlatforms) = postSolution
		{4B94C6C0-187F-4E15-8055-9F063E01E7D8}.Debug|Any CPU.ActiveCfg = Debug|Any CPU
		{4B94C6C0-187F-4E15-8055-9F063E01E7D8}.Debug|Any CPU.Build.0 = Debug|Any CPU
		{4B94C6C0-187F-4E15-8055-9F063E01E7D8}.Debug|x64.ActiveCfg = Debug|Any CPU
		{4B94C6C0-187F-4E15-8055-9F063E01E7D8}.Debug|x64.Build.0 = Debug|Any CPU
		{4B94C6C0-187F-4E15-8055-9F063E01E7D8}.Debug|x86.ActiveCfg = Debug|Any CPU
		{4B94C6C0-187F-4E15-8055-9F063E01E7D8}.Debug|x86.Build.0 = Debug|Any CPU
		{4B94C6C0-187F-4E15-8055-9F063E01E7D8}.Release|Any CPU.ActiveCfg = Release|Any CPU
		{4B94C6C0-187F-4E15-8055-9F063E01E7D8}.Release|Any CPU.Build.0 = Release|Any CPU
		{4B94C6C0-187F-4E15-8055-9F063E01E7D8}.Release|x64.ActiveCfg = Release|Any CPU
		{4B94C6C0-187F-4E15-8055-9F063E01E7D8}.Release|x64.Build.0 = Release|Any CPU
		{4B94C6C0-187F-4E15-8055-9F063E01E7D8}.Release|x86.ActiveCfg = Release|Any CPU
		{4B94C6C0-187F-4E15-8055-9F063E01E7D8}.Release|x86.Build.0 = Release|Any CPU
		{FEA1FB1C-FE8D-4C63-9058-92170D7B71B4}.Debug|Any CPU.ActiveCfg = Debug|Any CPU
		{FEA1FB1C-FE8D-4C63-9058-92170D7B71B4}.Debug|Any CPU.Build.0 = Debug|Any CPU
		{FEA1FB1C-FE8D-4C63-9058-92170D7B71B4}.Debug|x64.ActiveCfg = Debug|Any CPU
		{FEA1FB1C-FE8D-4C63-9058-92170D7B71B4}.Debug|x64.Build.0 = Debug|Any CPU
		{FEA1FB1C-FE8D-4C63-9058-92170D7B71B4}.Debug|x86.ActiveCfg = Debug|Any CPU
		{FEA1FB1C-FE8D-4C63-9058-92170D7B71B4}.Debug|x86.Build.0 = Debug|Any CPU
		{FEA1FB1C-FE8D-4C63-9058-92170D7B71B4}.Release|Any CPU.ActiveCfg = Release|Any CPU
		{FEA1FB1C-FE8D-4C63-9058-92170D7B71B4}.Release|Any CPU.Build.0 = Release|Any CPU
		{FEA1FB1C-FE8D-4C63-9058-92170D7B71B4}.Release|x64.ActiveCfg = Release|Any CPU
		{FEA1FB1C-FE8D-4C63-9058-92170D7B71B4}.Release|x64.Build.0 = Release|Any CPU
		{FEA1FB1C-FE8D-4C63-9058-92170D7B71B4}.Release|x86.ActiveCfg = Release|Any CPU
		{FEA1FB1C-FE8D-4C63-9058-92170D7B71B4}.Release|x86.Build.0 = Release|Any CPU
		{304E2E7E-9867-42CE-AEE6-4F790D339B43}.Debug|Any CPU.ActiveCfg = Debug|Any CPU
		{304E2E7E-9867-42CE-AEE6-4F790D339B43}.Debug|Any CPU.Build.0 = Debug|Any CPU
		{304E2E7E-9867-42CE-AEE6-4F790D339B43}.Debug|x64.ActiveCfg = Debug|Any CPU
		{304E2E7E-9867-42CE-AEE6-4F790D339B43}.Debug|x64.Build.0 = Debug|Any CPU
		{304E2E7E-9867-42CE-AEE6-4F790D339B43}.Debug|x86.ActiveCfg = Debug|Any CPU
		{304E2E7E-9867-42CE-AEE6-4F790D339B43}.Debug|x86.Build.0 = Debug|Any CPU
		{304E2E7E-9867-42CE-AEE6-4F790D339B43}.Release|Any CPU.ActiveCfg = Release|Any CPU
		{304E2E7E-9867-42CE-AEE6-4F790D339B43}.Release|Any CPU.Build.0 = Release|Any CPU
		{304E2E7E-9867-42CE-AEE6-4F790D339B43}.Release|x64.ActiveCfg = Release|Any CPU
		{304E2E7E-9867-42CE-AEE6-4F790D339B43}.Release|x64.Build.0 = Release|Any CPU
		{304E2E7E-9867-42CE-AEE6-4F790D339B43}.Release|x86.ActiveCfg = Release|Any CPU
		{304E2E7E-9867-42CE-AEE6-4F790D339B43}.Release|x86.Build.0 = Release|Any CPU
		{8F9CF248-30C2-4CC2-A2A5-DC1B654E8A72}.Debug|Any CPU.ActiveCfg = Debug|Any CPU
		{8F9CF248-30C2-4CC2-A2A5-DC1B654E8A72}.Debug|Any CPU.Build.0 = Debug|Any CPU
		{8F9CF248-30C2-4CC2-A2A5-DC1B654E8A72}.Debug|x64.ActiveCfg = Debug|Any CPU
		{8F9CF248-30C2-4CC2-A2A5-DC1B654E8A72}.Debug|x64.Build.0 = Debug|Any CPU
		{8F9CF248-30C2-4CC2-A2A5-DC1B654E8A72}.Debug|x86.ActiveCfg = Debug|Any CPU
		{8F9CF248-30C2-4CC2-A2A5-DC1B654E8A72}.Debug|x86.Build.0 = Debug|Any CPU
		{8F9CF248-30C2-4CC2-A2A5-DC1B654E8A72}.Release|Any CPU.ActiveCfg = Release|Any CPU
		{8F9CF248-30C2-4CC2-A2A5-DC1B654E8A72}.Release|Any CPU.Build.0 = Release|Any CPU
		{8F9CF248-30C2-4CC2-A2A5-DC1B654E8A72}.Release|x64.ActiveCfg = Release|Any CPU
		{8F9CF248-30C2-4CC2-A2A5-DC1B654E8A72}.Release|x64.Build.0 = Release|Any CPU
		{8F9CF248-30C2-4CC2-A2A5-DC1B654E8A72}.Release|x86.ActiveCfg = Release|Any CPU
		{8F9CF248-30C2-4CC2-A2A5-DC1B654E8A72}.Release|x86.Build.0 = Release|Any CPU
		{BF4AF079-9806-4516-96CF-ADED81A8E48A}.Debug|Any CPU.ActiveCfg = Debug|Any CPU
		{BF4AF079-9806-4516-96CF-ADED81A8E48A}.Debug|Any CPU.Build.0 = Debug|Any CPU
		{BF4AF079-9806-4516-96CF-ADED81A8E48A}.Debug|x64.ActiveCfg = Debug|Any CPU
		{BF4AF079-9806-4516-96CF-ADED81A8E48A}.Debug|x64.Build.0 = Debug|Any CPU
		{BF4AF079-9806-4516-96CF-ADED81A8E48A}.Debug|x86.ActiveCfg = Debug|Any CPU
		{BF4AF079-9806-4516-96CF-ADED81A8E48A}.Debug|x86.Build.0 = Debug|Any CPU
		{BF4AF079-9806-4516-96CF-ADED81A8E48A}.Release|Any CPU.ActiveCfg = Release|Any CPU
		{BF4AF079-9806-4516-96CF-ADED81A8E48A}.Release|Any CPU.Build.0 = Release|Any CPU
		{BF4AF079-9806-4516-96CF-ADED81A8E48A}.Release|x64.ActiveCfg = Release|Any CPU
		{BF4AF079-9806-4516-96CF-ADED81A8E48A}.Release|x64.Build.0 = Release|Any CPU
		{BF4AF079-9806-4516-96CF-ADED81A8E48A}.Release|x86.ActiveCfg = Release|Any CPU
		{BF4AF079-9806-4516-96CF-ADED81A8E48A}.Release|x86.Build.0 = Release|Any CPU
		{36CF59B3-07C3-4AC9-9BA4-072F8C900656}.Debug|Any CPU.ActiveCfg = Debug|Any CPU
		{36CF59B3-07C3-4AC9-9BA4-072F8C900656}.Debug|Any CPU.Build.0 = Debug|Any CPU
		{36CF59B3-07C3-4AC9-9BA4-072F8C900656}.Debug|x64.ActiveCfg = Debug|Any CPU
		{36CF59B3-07C3-4AC9-9BA4-072F8C900656}.Debug|x64.Build.0 = Debug|Any CPU
		{36CF59B3-07C3-4AC9-9BA4-072F8C900656}.Debug|x86.ActiveCfg = Debug|Any CPU
		{36CF59B3-07C3-4AC9-9BA4-072F8C900656}.Debug|x86.Build.0 = Debug|Any CPU
		{36CF59B3-07C3-4AC9-9BA4-072F8C900656}.Release|Any CPU.ActiveCfg = Release|Any CPU
		{36CF59B3-07C3-4AC9-9BA4-072F8C900656}.Release|Any CPU.Build.0 = Release|Any CPU
		{36CF59B3-07C3-4AC9-9BA4-072F8C900656}.Release|x64.ActiveCfg = Release|Any CPU
		{36CF59B3-07C3-4AC9-9BA4-072F8C900656}.Release|x64.Build.0 = Release|Any CPU
		{36CF59B3-07C3-4AC9-9BA4-072F8C900656}.Release|x86.ActiveCfg = Release|Any CPU
		{36CF59B3-07C3-4AC9-9BA4-072F8C900656}.Release|x86.Build.0 = Release|Any CPU
		{8F51CA66-1A38-41EA-BA72-21B3A49EC00A}.Debug|Any CPU.ActiveCfg = Debug|Any CPU
		{8F51CA66-1A38-41EA-BA72-21B3A49EC00A}.Debug|Any CPU.Build.0 = Debug|Any CPU
		{8F51CA66-1A38-41EA-BA72-21B3A49EC00A}.Debug|x64.ActiveCfg = Debug|Any CPU
		{8F51CA66-1A38-41EA-BA72-21B3A49EC00A}.Debug|x64.Build.0 = Debug|Any CPU
		{8F51CA66-1A38-41EA-BA72-21B3A49EC00A}.Debug|x86.ActiveCfg = Debug|Any CPU
		{8F51CA66-1A38-41EA-BA72-21B3A49EC00A}.Debug|x86.Build.0 = Debug|Any CPU
		{8F51CA66-1A38-41EA-BA72-21B3A49EC00A}.Release|Any CPU.ActiveCfg = Release|Any CPU
		{8F51CA66-1A38-41EA-BA72-21B3A49EC00A}.Release|Any CPU.Build.0 = Release|Any CPU
		{8F51CA66-1A38-41EA-BA72-21B3A49EC00A}.Release|x64.ActiveCfg = Release|Any CPU
		{8F51CA66-1A38-41EA-BA72-21B3A49EC00A}.Release|x64.Build.0 = Release|Any CPU
		{8F51CA66-1A38-41EA-BA72-21B3A49EC00A}.Release|x86.ActiveCfg = Release|Any CPU
		{8F51CA66-1A38-41EA-BA72-21B3A49EC00A}.Release|x86.Build.0 = Release|Any CPU
		{AAAB9BA9-5010-4D6F-B7A1-0CF5F1B8D71C}.Debug|Any CPU.ActiveCfg = Debug|Any CPU
		{AAAB9BA9-5010-4D6F-B7A1-0CF5F1B8D71C}.Debug|Any CPU.Build.0 = Debug|Any CPU
		{AAAB9BA9-5010-4D6F-B7A1-0CF5F1B8D71C}.Debug|x64.ActiveCfg = Debug|Any CPU
		{AAAB9BA9-5010-4D6F-B7A1-0CF5F1B8D71C}.Debug|x64.Build.0 = Debug|Any CPU
		{AAAB9BA9-5010-4D6F-B7A1-0CF5F1B8D71C}.Debug|x86.ActiveCfg = Debug|Any CPU
		{AAAB9BA9-5010-4D6F-B7A1-0CF5F1B8D71C}.Debug|x86.Build.0 = Debug|Any CPU
		{AAAB9BA9-5010-4D6F-B7A1-0CF5F1B8D71C}.Release|Any CPU.ActiveCfg = Release|Any CPU
		{AAAB9BA9-5010-4D6F-B7A1-0CF5F1B8D71C}.Release|Any CPU.Build.0 = Release|Any CPU
		{AAAB9BA9-5010-4D6F-B7A1-0CF5F1B8D71C}.Release|x64.ActiveCfg = Release|Any CPU
		{AAAB9BA9-5010-4D6F-B7A1-0CF5F1B8D71C}.Release|x64.Build.0 = Release|Any CPU
		{AAAB9BA9-5010-4D6F-B7A1-0CF5F1B8D71C}.Release|x86.ActiveCfg = Release|Any CPU
		{AAAB9BA9-5010-4D6F-B7A1-0CF5F1B8D71C}.Release|x86.Build.0 = Release|Any CPU
		{12897CB1-EB3E-4D17-8062-B955B919DC52}.Debug|Any CPU.ActiveCfg = Debug|Any CPU
		{12897CB1-EB3E-4D17-8062-B955B919DC52}.Debug|Any CPU.Build.0 = Debug|Any CPU
		{12897CB1-EB3E-4D17-8062-B955B919DC52}.Debug|x64.ActiveCfg = Debug|Any CPU
		{12897CB1-EB3E-4D17-8062-B955B919DC52}.Debug|x64.Build.0 = Debug|Any CPU
		{12897CB1-EB3E-4D17-8062-B955B919DC52}.Debug|x86.ActiveCfg = Debug|Any CPU
		{12897CB1-EB3E-4D17-8062-B955B919DC52}.Debug|x86.Build.0 = Debug|Any CPU
		{12897CB1-EB3E-4D17-8062-B955B919DC52}.Release|Any CPU.ActiveCfg = Release|Any CPU
		{12897CB1-EB3E-4D17-8062-B955B919DC52}.Release|Any CPU.Build.0 = Release|Any CPU
		{12897CB1-EB3E-4D17-8062-B955B919DC52}.Release|x64.ActiveCfg = Release|Any CPU
		{12897CB1-EB3E-4D17-8062-B955B919DC52}.Release|x64.Build.0 = Release|Any CPU
		{12897CB1-EB3E-4D17-8062-B955B919DC52}.Release|x86.ActiveCfg = Release|Any CPU
		{12897CB1-EB3E-4D17-8062-B955B919DC52}.Release|x86.Build.0 = Release|Any CPU
		{CF98FDD0-8FA7-45F2-9047-A7E9CB0BD7CA}.Debug|Any CPU.ActiveCfg = Debug|Any CPU
		{CF98FDD0-8FA7-45F2-9047-A7E9CB0BD7CA}.Debug|Any CPU.Build.0 = Debug|Any CPU
		{CF98FDD0-8FA7-45F2-9047-A7E9CB0BD7CA}.Debug|x64.ActiveCfg = Debug|Any CPU
		{CF98FDD0-8FA7-45F2-9047-A7E9CB0BD7CA}.Debug|x64.Build.0 = Debug|Any CPU
		{CF98FDD0-8FA7-45F2-9047-A7E9CB0BD7CA}.Debug|x86.ActiveCfg = Debug|Any CPU
		{CF98FDD0-8FA7-45F2-9047-A7E9CB0BD7CA}.Debug|x86.Build.0 = Debug|Any CPU
		{CF98FDD0-8FA7-45F2-9047-A7E9CB0BD7CA}.Release|Any CPU.ActiveCfg = Release|Any CPU
		{CF98FDD0-8FA7-45F2-9047-A7E9CB0BD7CA}.Release|Any CPU.Build.0 = Release|Any CPU
		{CF98FDD0-8FA7-45F2-9047-A7E9CB0BD7CA}.Release|x64.ActiveCfg = Release|Any CPU
		{CF98FDD0-8FA7-45F2-9047-A7E9CB0BD7CA}.Release|x64.Build.0 = Release|Any CPU
		{CF98FDD0-8FA7-45F2-9047-A7E9CB0BD7CA}.Release|x86.ActiveCfg = Release|Any CPU
		{CF98FDD0-8FA7-45F2-9047-A7E9CB0BD7CA}.Release|x86.Build.0 = Release|Any CPU
		{4FC202E6-E447-44FF-B0A6-B5211CB1849D}.Debug|Any CPU.ActiveCfg = Debug|Any CPU
		{4FC202E6-E447-44FF-B0A6-B5211CB1849D}.Debug|Any CPU.Build.0 = Debug|Any CPU
		{4FC202E6-E447-44FF-B0A6-B5211CB1849D}.Debug|x64.ActiveCfg = Debug|Any CPU
		{4FC202E6-E447-44FF-B0A6-B5211CB1849D}.Debug|x64.Build.0 = Debug|Any CPU
		{4FC202E6-E447-44FF-B0A6-B5211CB1849D}.Debug|x86.ActiveCfg = Debug|Any CPU
		{4FC202E6-E447-44FF-B0A6-B5211CB1849D}.Debug|x86.Build.0 = Debug|Any CPU
		{4FC202E6-E447-44FF-B0A6-B5211CB1849D}.Release|Any CPU.ActiveCfg = Release|Any CPU
		{4FC202E6-E447-44FF-B0A6-B5211CB1849D}.Release|Any CPU.Build.0 = Release|Any CPU
		{4FC202E6-E447-44FF-B0A6-B5211CB1849D}.Release|x64.ActiveCfg = Release|Any CPU
		{4FC202E6-E447-44FF-B0A6-B5211CB1849D}.Release|x64.Build.0 = Release|Any CPU
		{4FC202E6-E447-44FF-B0A6-B5211CB1849D}.Release|x86.ActiveCfg = Release|Any CPU
		{4FC202E6-E447-44FF-B0A6-B5211CB1849D}.Release|x86.Build.0 = Release|Any CPU
		{12C081CF-C467-4A76-95B4-284E0468729C}.Debug|Any CPU.ActiveCfg = Debug|Any CPU
		{12C081CF-C467-4A76-95B4-284E0468729C}.Debug|Any CPU.Build.0 = Debug|Any CPU
		{12C081CF-C467-4A76-95B4-284E0468729C}.Debug|x64.ActiveCfg = Debug|Any CPU
		{12C081CF-C467-4A76-95B4-284E0468729C}.Debug|x64.Build.0 = Debug|Any CPU
		{12C081CF-C467-4A76-95B4-284E0468729C}.Debug|x86.ActiveCfg = Debug|Any CPU
		{12C081CF-C467-4A76-95B4-284E0468729C}.Debug|x86.Build.0 = Debug|Any CPU
		{12C081CF-C467-4A76-95B4-284E0468729C}.Release|Any CPU.ActiveCfg = Release|Any CPU
		{12C081CF-C467-4A76-95B4-284E0468729C}.Release|Any CPU.Build.0 = Release|Any CPU
		{12C081CF-C467-4A76-95B4-284E0468729C}.Release|x64.ActiveCfg = Release|Any CPU
		{12C081CF-C467-4A76-95B4-284E0468729C}.Release|x64.Build.0 = Release|Any CPU
		{12C081CF-C467-4A76-95B4-284E0468729C}.Release|x86.ActiveCfg = Release|Any CPU
		{12C081CF-C467-4A76-95B4-284E0468729C}.Release|x86.Build.0 = Release|Any CPU
		{00CD8D0D-9D54-4C35-961A-74263563B30A}.Debug|Any CPU.ActiveCfg = Debug|Any CPU
		{00CD8D0D-9D54-4C35-961A-74263563B30A}.Debug|Any CPU.Build.0 = Debug|Any CPU
		{00CD8D0D-9D54-4C35-961A-74263563B30A}.Debug|x64.ActiveCfg = Debug|Any CPU
		{00CD8D0D-9D54-4C35-961A-74263563B30A}.Debug|x64.Build.0 = Debug|Any CPU
		{00CD8D0D-9D54-4C35-961A-74263563B30A}.Debug|x86.ActiveCfg = Debug|Any CPU
		{00CD8D0D-9D54-4C35-961A-74263563B30A}.Debug|x86.Build.0 = Debug|Any CPU
		{00CD8D0D-9D54-4C35-961A-74263563B30A}.Release|Any CPU.ActiveCfg = Release|Any CPU
		{00CD8D0D-9D54-4C35-961A-74263563B30A}.Release|Any CPU.Build.0 = Release|Any CPU
		{00CD8D0D-9D54-4C35-961A-74263563B30A}.Release|x64.ActiveCfg = Release|Any CPU
		{00CD8D0D-9D54-4C35-961A-74263563B30A}.Release|x64.Build.0 = Release|Any CPU
		{00CD8D0D-9D54-4C35-961A-74263563B30A}.Release|x86.ActiveCfg = Release|Any CPU
		{00CD8D0D-9D54-4C35-961A-74263563B30A}.Release|x86.Build.0 = Release|Any CPU
		{558E0399-FCAD-4657-A386-0851E0B683C1}.Debug|Any CPU.ActiveCfg = Debug|Any CPU
		{558E0399-FCAD-4657-A386-0851E0B683C1}.Debug|Any CPU.Build.0 = Debug|Any CPU
		{558E0399-FCAD-4657-A386-0851E0B683C1}.Debug|x64.ActiveCfg = Debug|Any CPU
		{558E0399-FCAD-4657-A386-0851E0B683C1}.Debug|x64.Build.0 = Debug|Any CPU
		{558E0399-FCAD-4657-A386-0851E0B683C1}.Debug|x86.ActiveCfg = Debug|Any CPU
		{558E0399-FCAD-4657-A386-0851E0B683C1}.Debug|x86.Build.0 = Debug|Any CPU
		{558E0399-FCAD-4657-A386-0851E0B683C1}.Release|Any CPU.ActiveCfg = Release|Any CPU
		{558E0399-FCAD-4657-A386-0851E0B683C1}.Release|Any CPU.Build.0 = Release|Any CPU
		{558E0399-FCAD-4657-A386-0851E0B683C1}.Release|x64.ActiveCfg = Release|Any CPU
		{558E0399-FCAD-4657-A386-0851E0B683C1}.Release|x64.Build.0 = Release|Any CPU
		{558E0399-FCAD-4657-A386-0851E0B683C1}.Release|x86.ActiveCfg = Release|Any CPU
		{558E0399-FCAD-4657-A386-0851E0B683C1}.Release|x86.Build.0 = Release|Any CPU
	EndGlobalSection
	GlobalSection(SolutionProperties) = preSolution
		HideSolutionNode = FALSE
	EndGlobalSection
	GlobalSection(NestedProjects) = preSolution
		{4B94C6C0-187F-4E15-8055-9F063E01E7D8} = {827E0CD3-B72D-47B6-A68D-7590B98EB39B}
		{FEA1FB1C-FE8D-4C63-9058-92170D7B71B4} = {827E0CD3-B72D-47B6-A68D-7590B98EB39B}
		{304E2E7E-9867-42CE-AEE6-4F790D339B43} = {827E0CD3-B72D-47B6-A68D-7590B98EB39B}
		{8F9CF248-30C2-4CC2-A2A5-DC1B654E8A72} = {827E0CD3-B72D-47B6-A68D-7590B98EB39B}
		{BF4AF079-9806-4516-96CF-ADED81A8E48A} = {827E0CD3-B72D-47B6-A68D-7590B98EB39B}
		{36CF59B3-07C3-4AC9-9BA4-072F8C900656} = {827E0CD3-B72D-47B6-A68D-7590B98EB39B}
		{8F51CA66-1A38-41EA-BA72-21B3A49EC00A} = {0AB3BF05-4346-4AA6-1389-037BE0695223}
		{AAAB9BA9-5010-4D6F-B7A1-0CF5F1B8D71C} = {0AB3BF05-4346-4AA6-1389-037BE0695223}
		{12897CB1-EB3E-4D17-8062-B955B919DC52} = {0AB3BF05-4346-4AA6-1389-037BE0695223}
		{CF98FDD0-8FA7-45F2-9047-A7E9CB0BD7CA} = {0AB3BF05-4346-4AA6-1389-037BE0695223}
		{4FC202E6-E447-44FF-B0A6-B5211CB1849D} = {0AB3BF05-4346-4AA6-1389-037BE0695223}
		{12C081CF-C467-4A76-95B4-284E0468729C} = {827E0CD3-B72D-47B6-A68D-7590B98EB39B}
		{00CD8D0D-9D54-4C35-961A-74263563B30A} = {0AB3BF05-4346-4AA6-1389-037BE0695223}
		{558E0399-FCAD-4657-A386-0851E0B683C1} = {0AB3BF05-4346-4AA6-1389-037BE0695223}
	EndGlobalSection
EndGlobal
